Microsoft Visual Studio Solution File, Format Version 12.00
# Visual Studio Version 17
VisualStudioVersion = 17.5.2.0
MinimumVisualStudioVersion = 10.0.40219.1
Project("{FAE04EC0-301F-11D3-BF4B-00C04F79EFBC}") = "HotelBookingApp", "HotelBookingApp.csproj", "{9BDE2148-44F4-1EAF-4673-3280F4A80638}"
EndProject
Global
	GlobalSection(SolutionConfigurationPlatforms) = preSolution
		Debug|Any CPU = Debug|Any CPU
		Release|Any CPU = Release|Any CPU
	EndGlobalSection
	GlobalSection(ProjectConfigurationPlatforms) = postSolution
		{9BDE2148-44F4-1EAF-4673-3280F4A80638}.Debug|Any CPU.ActiveCfg = Debug|Any CPU
		{9BDE2148-44F4-1EAF-4673-3280F4A80638}.Debug|Any CPU.Build.0 = Debug|Any CPU
		{9BDE2148-44F4-1EAF-4673-3280F4A80638}.Release|Any CPU.ActiveCfg = Release|Any CPU
		{9BDE2148-44F4-1EAF-4673-3280F4A80638}.Release|Any CPU.Build.0 = Release|Any CPU
	EndGlobalSection
	GlobalSection(SolutionProperties) = preSolution
		HideSolutionNode = FALSE
	EndGlobalSection
	GlobalSection(ExtensibilityGlobals) = postSolution
		SolutionGuid = {89C0D84C-6142-4DC4-ADD4-EB50C049D750}
	EndGlobalSection
EndGlobal
